// !$*UTF8*$!
{
	archiveVersion = 1;
	classes = {
	};
	objectVersion = 77;
	objects = {

/* Begin PBXBuildFile section */
		520F45BC2F2B5F4C0043ABBA /* Assets.xcassets in Resources */ = {isa = PBXBuildFile; fileRef = 520F45B42F2B5F4C0043ABBA /* Assets.xcassets */; };
		520F45C02F2B5F4C0043ABBA /* AppDelegate.swift in Sources */ = {isa = PBXBuildFile; fileRef = 520F45B32F2B5F4C0043ABBA /* AppDelegate.swift */; };
		520F45C12F2B5F4C0043ABBA /* SceneDelegate.swift in Sources */ = {isa = PBXBuildFile; fileRef = 520F45B82F2B5F4C0043ABBA /* SceneDelegate.swift */; };
		520F462B2F2B65320043ABBA /* Extensions.swift in Sources */ = {isa = PBXBuildFile; fileRef = 520F462A2F2B652E0043ABBA /* Extensions.swift */; };
		520F462D2F2B65530043ABBA /* LoadingView.swift in Sources */ = {isa = PBXBuildFile; fileRef = 520F462C2F2B654F0043ABBA /* LoadingView.swift */; };
		520F462F2F2B658F0043ABBA /* loading.json in Resources */ = {isa = PBXBuildFile; fileRef = 520F462E2F2B658F0043ABBA /* loading.json */; };
		520F46332F2B65D80043ABBA /* Lottie in Frameworks */ = {isa = PBXBuildFile; productRef = 520F46322F2B65D80043ABBA /* Lottie */; };
		520F46382F2B66DA0043ABBA /* AppCoordinator.swift in Sources */ = {isa = PBXBuildFile; fileRef = 520F46352F2B660B0043ABBA /* AppCoordinator.swift */; };
		520F46392F2B66E00043ABBA /* BaseCoordinator.swift in Sources */ = {isa = PBXBuildFile; fileRef = 520F46362F2B662A0043ABBA /* BaseCoordinator.swift */; };
		520F463A2F2B66E50043ABBA /* DefaultAppScreenFactory.swift in Sources */ = {isa = PBXBuildFile; fileRef = 520F46372F2B665A0043ABBA /* DefaultAppScreenFactory.swift */; };
		520F46412F2B72280043ABBA /* NetworkScheduler.swift in Sources */ = {isa = PBXBuildFile; fileRef = 520F463F2F2B6FB10043ABBA /* NetworkScheduler.swift */; };
		520F46422F2B722D0043ABBA /* Environment.swift in Sources */ = {isa = PBXBuildFile; fileRef = 520F463E2F2B6F990043ABBA /* Environment.swift */; };
		520F46442F2B78480043ABBA /* ApiRequest.swift in Sources */ = {isa = PBXBuildFile; fileRef = 520F46432F2B783C0043ABBA /* ApiRequest.swift */; };
		520F46462F2B79640043ABBA /* ServiceLayer.swift in Sources */ = {isa = PBXBuildFile; fileRef = 520F46452F2B79600043ABBA /* ServiceLayer.swift */; };
		520F46492F2B8E8D0043ABBA /* GetMovieDetailRequest.swift in Sources */ = {isa = PBXBuildFile; fileRef = 520F46482F2B8E8D0043ABBA /* GetMovieDetailRequest.swift */; };
		520F464B2F2B8EB00043ABBA /* GetNowPlayingListRequest.swift in Sources */ = {isa = PBXBuildFile; fileRef = 520F464A2F2B8EB00043ABBA /* GetNowPlayingListRequest.swift */; };
		520F464D2F2B8ED30043ABBA /* GetSearchResultsRequest.swift in Sources */ = {isa = PBXBuildFile; fileRef = 520F464C2F2B8ED30043ABBA /* GetSearchResultsRequest.swift */; };
		520F464F2F2B8EE60043ABBA /* GetSimilarMoviesRequest.swift in Sources */ = {isa = PBXBuildFile; fileRef = 520F464E2F2B8EE60043ABBA /* GetSimilarMoviesRequest.swift */; };
		520F46512F2B8EFF0043ABBA /* GetUpcomingListRequest.swift in Sources */ = {isa = PBXBuildFile; fileRef = 520F46502F2B8EFF0043ABBA /* GetUpcomingListRequest.swift */; };
		520F46542F2B8F250043ABBA /* MovieDetailModel.swift in Sources */ = {isa = PBXBuildFile; fileRef = 520F46532F2B8F250043ABBA /* MovieDetailModel.swift */; };
		520F46562F2B8F340043ABBA /* MovieModel.swift in Sources */ = {isa = PBXBuildFile; fileRef = 520F46552F2B8F340043ABBA /* MovieModel.swift */; };
		520F46582F2B8F440043ABBA /* SearchModel.swift in Sources */ = {isa = PBXBuildFile; fileRef = 520F46572F2B8F440043ABBA /* SearchModel.swift */; };
		520F465A2F2B8F560043ABBA /* SimilarMoviesModel.swift in Sources */ = {isa = PBXBuildFile; fileRef = 520F46592F2B8F560043ABBA /* SimilarMoviesModel.swift */; };
		52F61AA62F2CAEE300CB1BAC /* HomeDataProtocol.swift in Sources */ = {isa = PBXBuildFile; fileRef = 52F61AA52F2CAEC500CB1BAC /* HomeDataProtocol.swift */; };
		52F61AA82F2CAF0D00CB1BAC /* HomeDataController.swift in Sources */ = {isa = PBXBuildFile; fileRef = 52F61AA72F2CAF0600CB1BAC /* HomeDataController.swift */; };
		52F61AAD2F2CB10800CB1BAC /* CarouselView.swift in Sources */ = {isa = PBXBuildFile; fileRef = 52F61AAC2F2CB10300CB1BAC /* CarouselView.swift */; };
		52F61AAF2F2CBCCB00CB1BAC /* SearchView.swift in Sources */ = {isa = PBXBuildFile; fileRef = 52F61AAE2F2CBCC600CB1BAC /* SearchView.swift */; };
		52F61AB12F2CBE9C00CB1BAC /* HomeViewModelProtocol.swift in Sources */ = {isa = PBXBuildFile; fileRef = 52F61AB02F2CBE8F00CB1BAC /* HomeViewModelProtocol.swift */; };
		52F61AB32F2CBEAA00CB1BAC /* HomeViewModel.swift in Sources */ = {isa = PBXBuildFile; fileRef = 52F61AB22F2CBEA300CB1BAC /* HomeViewModel.swift */; };
		52F61AB52F2CBED400CB1BAC /* ViewState.swift in Sources */ = {isa = PBXBuildFile; fileRef = 52F61AB42F2CBECD00CB1BAC /* ViewState.swift */; };
		52F61AB72F2CC29600CB1BAC /* HomeViewController.swift in Sources */ = {isa = PBXBuildFile; fileRef = 52F61AB62F2CC28F00CB1BAC /* HomeViewController.swift */; };
		52F61ABA2F2CC32500CB1BAC /* HomeView.swift in Sources */ = {isa = PBXBuildFile; fileRef = 52F61AB92F2CC32000CB1BAC /* HomeView.swift */; };
/* End PBXBuildFile section */

/* Begin PBXContainerItemProxy section */
		52F669002F2A1F4B008F24C6 /* PBXContainerItemProxy */ = {
			isa = PBXContainerItemProxy;
			containerPortal = 52F668E12F2A1F4A008F24C6 /* Project object */;
			proxyType = 1;
			remoteGlobalIDString = 52F668E82F2A1F4A008F24C6;
			remoteInfo = MovieProjectConcurrency;
		};
		52F6690A2F2A1F4B008F24C6 /* PBXContainerItemProxy */ = {
			isa = PBXContainerItemProxy;
			containerPortal = 52F668E12F2A1F4A008F24C6 /* Project object */;
			proxyType = 1;
			remoteGlobalIDString = 52F668E82F2A1F4A008F24C6;
			remoteInfo = MovieProjectConcurrency;
		};
/* End PBXContainerItemProxy section */

/* Begin PBXFileReference section */
		520F45B32F2B5F4C0043ABBA /* AppDelegate.swift */ = {isa = PBXFileReference; lastKnownFileType = sourcecode.swift; path = AppDelegate.swift; sourceTree = "<group>"; };
		520F45B42F2B5F4C0043ABBA /* Assets.xcassets */ = {isa = PBXFileReference; lastKnownFileType = folder.assetcatalog; path = Assets.xcassets; sourceTree = "<group>"; };
		520F45B52F2B5F4C0043ABBA /* Info.plist */ = {isa = PBXFileReference; lastKnownFileType = text.plist.xml; path = Info.plist; sourceTree = "<group>"; };
		520F45B82F2B5F4C0043ABBA /* SceneDelegate.swift */ = {isa = PBXFileReference; lastKnownFileType = sourcecode.swift; path = SceneDelegate.swift; sourceTree = "<group>"; };
		520F462A2F2B652E0043ABBA /* Extensions.swift */ = {isa = PBXFileReference; lastKnownFileType = sourcecode.swift; path = Extensions.swift; sourceTree = "<group>"; };
		520F462C2F2B654F0043ABBA /* LoadingView.swift */ = {isa = PBXFileReference; lastKnownFileType = sourcecode.swift; path = LoadingView.swift; sourceTree = "<group>"; };
		520F462E2F2B658F0043ABBA /* loading.json */ = {isa = PBXFileReference; lastKnownFileType = text.json; path = loading.json; sourceTree = "<group>"; };
		520F46352F2B660B0043ABBA /* AppCoordinator.swift */ = {isa = PBXFileReference; lastKnownFileType = sourcecode.swift; path = AppCoordinator.swift; sourceTree = "<group>"; };
		520F46362F2B662A0043ABBA /* BaseCoordinator.swift */ = {isa = PBXFileReference; lastKnownFileType = sourcecode.swift; path = BaseCoordinator.swift; sourceTree = "<group>"; };
		520F46372F2B665A0043ABBA /* DefaultAppScreenFactory.swift */ = {isa = PBXFileReference; lastKnownFileType = sourcecode.swift; path = DefaultAppScreenFactory.swift; sourceTree = "<group>"; };
		520F463E2F2B6F990043ABBA /* Environment.swift */ = {isa = PBXFileReference; lastKnownFileType = sourcecode.swift; path = Environment.swift; sourceTree = "<group>"; };
		520F463F2F2B6FB10043ABBA /* NetworkScheduler.swift */ = {isa = PBXFileReference; lastKnownFileType = sourcecode.swift; path = NetworkScheduler.swift; sourceTree = "<group>"; };
		520F46432F2B783C0043ABBA /* ApiRequest.swift */ = {isa = PBXFileReference; lastKnownFileType = sourcecode.swift; path = ApiRequest.swift; sourceTree = "<group>"; };
		520F46452F2B79600043ABBA /* ServiceLayer.swift */ = {isa = PBXFileReference; lastKnownFileType = sourcecode.swift; path = ServiceLayer.swift; sourceTree = "<group>"; };
		520F46482F2B8E8D0043ABBA /* GetMovieDetailRequest.swift */ = {isa = PBXFileReference; lastKnownFileType = sourcecode.swift; path = GetMovieDetailRequest.swift; sourceTree = "<group>"; };
		520F464A2F2B8EB00043ABBA /* GetNowPlayingListRequest.swift */ = {isa = PBXFileReference; lastKnownFileType = sourcecode.swift; path = GetNowPlayingListRequest.swift; sourceTree = "<group>"; };
		520F464C2F2B8ED30043ABBA /* GetSearchResultsRequest.swift */ = {isa = PBXFileReference; lastKnownFileType = sourcecode.swift; path = GetSearchResultsRequest.swift; sourceTree = "<group>"; };
		520F464E2F2B8EE60043ABBA /* GetSimilarMoviesRequest.swift */ = {isa = PBXFileReference; lastKnownFileType = sourcecode.swift; path = GetSimilarMoviesRequest.swift; sourceTree = "<group>"; };
		520F46502F2B8EFF0043ABBA /* GetUpcomingListRequest.swift */ = {isa = PBXFileReference; lastKnownFileType = sourcecode.swift; path = GetUpcomingListRequest.swift; sourceTree = "<group>"; };
		520F46532F2B8F250043ABBA /* MovieDetailModel.swift */ = {isa = PBXFileReference; lastKnownFileType = sourcecode.swift; path = MovieDetailModel.swift; sourceTree = "<group>"; };
		520F46552F2B8F340043ABBA /* MovieModel.swift */ = {isa = PBXFileReference; lastKnownFileType = sourcecode.swift; path = MovieModel.swift; sourceTree = "<group>"; };
		520F46572F2B8F440043ABBA /* SearchModel.swift */ = {isa = PBXFileReference; lastKnownFileType = sourcecode.swift; path = SearchModel.swift; sourceTree = "<group>"; };
		520F46592F2B8F560043ABBA /* SimilarMoviesModel.swift */ = {isa = PBXFileReference; lastKnownFileType = sourcecode.swift; path = SimilarMoviesModel.swift; sourceTree = "<group>"; };
		52F61AA52F2CAEC500CB1BAC /* HomeDataProtocol.swift */ = {isa = PBXFileReference; lastKnownFileType = sourcecode.swift; path = HomeDataProtocol.swift; sourceTree = "<group>"; };
		52F61AA72F2CAF0600CB1BAC /* HomeDataController.swift */ = {isa = PBXFileReference; lastKnownFileType = sourcecode.swift; path = HomeDataController.swift; sourceTree = "<group>"; };
		52F61AAC2F2CB10300CB1BAC /* CarouselView.swift */ = {isa = PBXFileReference; lastKnownFileType = sourcecode.swift; path = CarouselView.swift; sourceTree = "<group>"; };
		52F61AAE2F2CBCC600CB1BAC /* SearchView.swift */ = {isa = PBXFileReference; lastKnownFileType = sourcecode.swift; path = SearchView.swift; sourceTree = "<group>"; };
		52F61AB02F2CBE8F00CB1BAC /* HomeViewModelProtocol.swift */ = {isa = PBXFileReference; lastKnownFileType = sourcecode.swift; path = HomeViewModelProtocol.swift; sourceTree = "<group>"; };
		52F61AB22F2CBEA300CB1BAC /* HomeViewModel.swift */ = {isa = PBXFileReference; lastKnownFileType = sourcecode.swift; path = HomeViewModel.swift; sourceTree = "<group>"; };
		52F61AB42F2CBECD00CB1BAC /* ViewState.swift */ = {isa = PBXFileReference; lastKnownFileType = sourcecode.swift; path = ViewState.swift; sourceTree = "<group>"; };
		52F61AB62F2CC28F00CB1BAC /* HomeViewController.swift */ = {isa = PBXFileReference; lastKnownFileType = sourcecode.swift; path = HomeViewController.swift; sourceTree = "<group>"; };
		52F61AB92F2CC32000CB1BAC /* HomeView.swift */ = {isa = PBXFileReference; lastKnownFileType = sourcecode.swift; path = HomeView.swift; sourceTree = "<group>"; };
		52F668E92F2A1F4A008F24C6 /* MovieProjectConcurrency.app */ = {isa = PBXFileReference; explicitFileType = wrapper.application; includeInIndex = 0; path = MovieProjectConcurrency.app; sourceTree = BUILT_PRODUCTS_DIR; };
		52F668FF2F2A1F4B008F24C6 /* MovieProjectConcurrencyTests.xctest */ = {isa = PBXFileReference; explicitFileType = wrapper.cfbundle; includeInIndex = 0; path = MovieProjectConcurrencyTests.xctest; sourceTree = BUILT_PRODUCTS_DIR; };
		52F669092F2A1F4B008F24C6 /* MovieProjectConcurrencyUITests.xctest */ = {isa = PBXFileReference; explicitFileType = wrapper.cfbundle; includeInIndex = 0; path = MovieProjectConcurrencyUITests.xctest; sourceTree = BUILT_PRODUCTS_DIR; };
/* End PBXFileReference section */

/* Begin PBXFrameworksBuildPhase section */
		52F668E62F2A1F4A008F24C6 /* Frameworks */ = {
			isa = PBXFrameworksBuildPhase;
			buildActionMask = 2147483647;
			files = (
				520F46332F2B65D80043ABBA /* Lottie in Frameworks */,
			);
			runOnlyForDeploymentPostprocessing = 0;
		};
		52F668FC2F2A1F4B008F24C6 /* Frameworks */ = {
			isa = PBXFrameworksBuildPhase;
			buildActionMask = 2147483647;
			files = (
			);
			runOnlyForDeploymentPostprocessing = 0;
		};
		52F669062F2A1F4B008F24C6 /* Frameworks */ = {
			isa = PBXFrameworksBuildPhase;
			buildActionMask = 2147483647;
			files = (
			);
			runOnlyForDeploymentPostprocessing = 0;
		};
/* End PBXFrameworksBuildPhase section */

/* Begin PBXGroup section */
		520F46292F2B63D80043ABBA /* Resources */ = {
			isa = PBXGroup;
			children = (
				520F45B32F2B5F4C0043ABBA /* AppDelegate.swift */,
				520F45B82F2B5F4C0043ABBA /* SceneDelegate.swift */,
				520F462A2F2B652E0043ABBA /* Extensions.swift */,
				520F462C2F2B654F0043ABBA /* LoadingView.swift */,
				520F462E2F2B658F0043ABBA /* loading.json */,
				520F45B42F2B5F4C0043ABBA /* Assets.xcassets */,
				520F45B52F2B5F4C0043ABBA /* Info.plist */,
			);
			path = Resources;
			sourceTree = "<group>";
		};
		520F46342F2B66010043ABBA /* App */ = {
			isa = PBXGroup;
			children = (
				520F46352F2B660B0043ABBA /* AppCoordinator.swift */,
				520F46362F2B662A0043ABBA /* BaseCoordinator.swift */,
				520F46372F2B665A0043ABBA /* DefaultAppScreenFactory.swift */,
			);
			path = App;
			sourceTree = "<group>";
		};
		520F463D2F2B6BFD0043ABBA /* Networking */ = {
			isa = PBXGroup;
			children = (
				520F46402F2B72070043ABBA /* ServiceLayer */,
				520F46472F2B8E6A0043ABBA /* Requests */,
				520F46522F2B8F0A0043ABBA /* Responses */,
				520F463F2F2B6FB10043ABBA /* NetworkScheduler.swift */,
				520F463E2F2B6F990043ABBA /* Environment.swift */,
			);
			path = Networking;
			sourceTree = "<group>";
		};
		520F46402F2B72070043ABBA /* ServiceLayer */ = {
			isa = PBXGroup;
			children = (
				520F46432F2B783C0043ABBA /* ApiRequest.swift */,
				520F46452F2B79600043ABBA /* ServiceLayer.swift */,
			);
			path = ServiceLayer;
			sourceTree = "<group>";
		};
		520F46472F2B8E6A0043ABBA /* Requests */ = {
			isa = PBXGroup;
			children = (
				520F46482F2B8E8D0043ABBA /* GetMovieDetailRequest.swift */,
				520F464A2F2B8EB00043ABBA /* GetNowPlayingListRequest.swift */,
				520F464C2F2B8ED30043ABBA /* GetSearchResultsRequest.swift */,
				520F464E2F2B8EE60043ABBA /* GetSimilarMoviesRequest.swift */,
				520F46502F2B8EFF0043ABBA /* GetUpcomingListRequest.swift */,
			);
			path = Requests;
			sourceTree = "<group>";
		};
		520F46522F2B8F0A0043ABBA /* Responses */ = {
			isa = PBXGroup;
			children = (
				520F46532F2B8F250043ABBA /* MovieDetailModel.swift */,
				520F46552F2B8F340043ABBA /* MovieModel.swift */,
				520F46572F2B8F440043ABBA /* SearchModel.swift */,
				520F46592F2B8F560043ABBA /* SimilarMoviesModel.swift */,
			);
			path = Responses;
			sourceTree = "<group>";
		};
		52F61AA02F2CAE4700CB1BAC /* Features */ = {
			isa = PBXGroup;
			children = (
				52F61AB42F2CBECD00CB1BAC /* ViewState.swift */,
				52F61AA12F2CAE6000CB1BAC /* Home */,
				52F61AA22F2CAE6800CB1BAC /* MovieDetail */,
			);
			path = Features;
			sourceTree = "<group>";
		};
		52F61AA12F2CAE6000CB1BAC /* Home */ = {
			isa = PBXGroup;
			children = (
				52F61AB92F2CC32000CB1BAC /* HomeView.swift */,
				52F61AB62F2CC28F00CB1BAC /* HomeViewController.swift */,
				52F61AB22F2CBEA300CB1BAC /* HomeViewModel.swift */,
				52F61AB02F2CBE8F00CB1BAC /* HomeViewModelProtocol.swift */,
				52F61AA32F2CAEA100CB1BAC /* HomeDataController */,
				52F61AA42F2CAEAC00CB1BAC /* HomeViews */,
			);
			path = Home;
			sourceTree = "<group>";
		};
		52F61AA22F2CAE6800CB1BAC /* MovieDetail */ = {
			isa = PBXGroup;
			children = (
			);
			path = MovieDetail;
			sourceTree = "<group>";
		};
		52F61AA32F2CAEA100CB1BAC /* HomeDataController */ = {
			isa = PBXGroup;
			children = (
				52F61AA72F2CAF0600CB1BAC /* HomeDataController.swift */,
				52F61AA52F2CAEC500CB1BAC /* HomeDataProtocol.swift */,
			);
			path = HomeDataController;
			sourceTree = "<group>";
		};
		52F61AA42F2CAEAC00CB1BAC /* HomeViews */ = {
			isa = PBXGroup;
			children = (
				52F61AAC2F2CB10300CB1BAC /* CarouselView.swift */,
				52F61AAE2F2CBCC600CB1BAC /* SearchView.swift */,
			);
			path = HomeViews;
			sourceTree = "<group>";
		};
		52F668E02F2A1F4A008F24C6 = {
			isa = PBXGroup;
			children = (
				520F46342F2B66010043ABBA /* App */,
				52F61AA02F2CAE4700CB1BAC /* Features */,
				520F46292F2B63D80043ABBA /* Resources */,
				520F463D2F2B6BFD0043ABBA /* Networking */,
				52F668EA2F2A1F4A008F24C6 /* Products */,
			);
			sourceTree = "<group>";
		};
		52F668EA2F2A1F4A008F24C6 /* Products */ = {
			isa = PBXGroup;
			children = (
				52F668E92F2A1F4A008F24C6 /* MovieProjectConcurrency.app */,
				52F668FF2F2A1F4B008F24C6 /* MovieProjectConcurrencyTests.xctest */,
				52F669092F2A1F4B008F24C6 /* MovieProjectConcurrencyUITests.xctest */,
			);
			name = Products;
			sourceTree = "<group>";
		};
/* End PBXGroup section */

/* Begin PBXNativeTarget section */
		52F668E82F2A1F4A008F24C6 /* MovieProjectConcurrency */ = {
			isa = PBXNativeTarget;
			buildConfigurationList = 52F669122F2A1F4B008F24C6 /* Build configuration list for PBXNativeTarget "MovieProjectConcurrency" */;
			buildPhases = (
				520F463C2F2B67B70043ABBA /* Swiftlint Run Script */,
				52F668E52F2A1F4A008F24C6 /* Sources */,
				52F668E62F2A1F4A008F24C6 /* Frameworks */,
				52F668E72F2A1F4A008F24C6 /* Resources */,
			);
			buildRules = (
			);
			dependencies = (
			);
			name = MovieProjectConcurrency;
			packageProductDependencies = (
				520F46322F2B65D80043ABBA /* Lottie */,
			);
			productName = MovieProjectConcurrency;
			productReference = 52F668E92F2A1F4A008F24C6 /* MovieProjectConcurrency.app */;
			productType = "com.apple.product-type.application";
		};
		52F668FE2F2A1F4B008F24C6 /* MovieProjectConcurrencyTests */ = {
			isa = PBXNativeTarget;
			buildConfigurationList = 52F669172F2A1F4B008F24C6 /* Build configuration list for PBXNativeTarget "MovieProjectConcurrencyTests" */;
			buildPhases = (
				52F668FB2F2A1F4B008F24C6 /* Sources */,
				52F668FC2F2A1F4B008F24C6 /* Frameworks */,
				52F668FD2F2A1F4B008F24C6 /* Resources */,
			);
			buildRules = (
			);
			dependencies = (
				52F669012F2A1F4B008F24C6 /* PBXTargetDependency */,
			);
			name = MovieProjectConcurrencyTests;
			packageProductDependencies = (
			);
			productName = MovieProjectConcurrencyTests;
			productReference = 52F668FF2F2A1F4B008F24C6 /* MovieProjectConcurrencyTests.xctest */;
			productType = "com.apple.product-type.bundle.unit-test";
		};
		52F669082F2A1F4B008F24C6 /* MovieProjectConcurrencyUITests */ = {
			isa = PBXNativeTarget;
			buildConfigurationList = 52F6691A2F2A1F4B008F24C6 /* Build configuration list for PBXNativeTarget "MovieProjectConcurrencyUITests" */;
			buildPhases = (
				52F669052F2A1F4B008F24C6 /* Sources */,
				52F669062F2A1F4B008F24C6 /* Frameworks */,
				52F669072F2A1F4B008F24C6 /* Resources */,
			);
			buildRules = (
			);
			dependencies = (
				52F6690B2F2A1F4B008F24C6 /* PBXTargetDependency */,
			);
			name = MovieProjectConcurrencyUITests;
			packageProductDependencies = (
			);
			productName = MovieProjectConcurrencyUITests;
			productReference = 52F669092F2A1F4B008F24C6 /* MovieProjectConcurrencyUITests.xctest */;
			productType = "com.apple.product-type.bundle.ui-testing";
		};
/* End PBXNativeTarget section */

/* Begin PBXProject section */
		52F668E12F2A1F4A008F24C6 /* Project object */ = {
			isa = PBXProject;
			attributes = {
				BuildIndependentTargetsInParallel = 1;
				LastSwiftUpdateCheck = 2620;
				LastUpgradeCheck = 2620;
				TargetAttributes = {
					52F668E82F2A1F4A008F24C6 = {
						CreatedOnToolsVersion = 26.2;
					};
					52F668FE2F2A1F4B008F24C6 = {
						CreatedOnToolsVersion = 26.2;
						TestTargetID = 52F668E82F2A1F4A008F24C6;
					};
					52F669082F2A1F4B008F24C6 = {
						CreatedOnToolsVersion = 26.2;
						TestTargetID = 52F668E82F2A1F4A008F24C6;
					};
				};
			};
			buildConfigurationList = 52F668E42F2A1F4A008F24C6 /* Build configuration list for PBXProject "MovieProjectConcurrency" */;
			developmentRegion = en;
			hasScannedForEncodings = 0;
			knownRegions = (
				en,
				Base,
			);
			mainGroup = 52F668E02F2A1F4A008F24C6;
			minimizedProjectReferenceProxies = 1;
			packageReferences = (
				520F46312F2B65D80043ABBA /* XCRemoteSwiftPackageReference "lottie-spm" */,
			);
			preferredProjectObjectVersion = 77;
			productRefGroup = 52F668EA2F2A1F4A008F24C6 /* Products */;
			projectDirPath = "";
			projectRoot = "";
			targets = (
				52F668E82F2A1F4A008F24C6 /* MovieProjectConcurrency */,
				52F668FE2F2A1F4B008F24C6 /* MovieProjectConcurrencyTests */,
				52F669082F2A1F4B008F24C6 /* MovieProjectConcurrencyUITests */,
			);
		};
/* End PBXProject section */

/* Begin PBXResourcesBuildPhase section */
		52F668E72F2A1F4A008F24C6 /* Resources */ = {
			isa = PBXResourcesBuildPhase;
			buildActionMask = 2147483647;
			files = (
				520F462F2F2B658F0043ABBA /* loading.json in Resources */,
				520F45BC2F2B5F4C0043ABBA /* Assets.xcassets in Resources */,
			);
			runOnlyForDeploymentPostprocessing = 0;
		};
		52F668FD2F2A1F4B008F24C6 /* Resources */ = {
			isa = PBXResourcesBuildPhase;
			buildActionMask = 2147483647;
			files = (
			);
			runOnlyForDeploymentPostprocessing = 0;
		};
		52F669072F2A1F4B008F24C6 /* Resources */ = {
			isa = PBXResourcesBuildPhase;
			buildActionMask = 2147483647;
			files = (
			);
			runOnlyForDeploymentPostprocessing = 0;
		};
/* End PBXResourcesBuildPhase section */

/* Begin PBXShellScriptBuildPhase section */
		520F463C2F2B67B70043ABBA /* Swiftlint Run Script */ = {
			isa = PBXShellScriptBuildPhase;
			buildActionMask = 2147483647;
			files = (
			);
			inputFileListPaths = (
			);
			inputPaths = (
			);
			name = "Swiftlint Run Script";
			outputFileListPaths = (
			);
			outputPaths = (
			);
			runOnlyForDeploymentPostprocessing = 0;
			shellPath = /bin/sh;
			shellScript = "# Type a script or drag a script file from your workspace to insert its path.\nset -euo pipefail\ncd \"${PROJECT_DIR}\"\nexport DEVELOPER_DIR=\"/Applications/Xcode.app/Contents/Developer\"\nif [[ \"$(uname -m)\" == \"arm64\" ]]; then\n  export PATH=\"/opt/homebrew/bin:$PATH\"\nelse\n  export PATH=\"/usr/local/bin:$PATH\"\nfi\nif command -v swiftlint >/dev/null 2>&1; then\n  swiftlint lint --config \"${PROJECT_DIR}/.swiftlint.yml\"\nelse\n  echo \"warning: SwiftLint not installed. Run: brew install swiftlint\"\nfi\n";
		};
/* End PBXShellScriptBuildPhase section */

/* Begin PBXSourcesBuildPhase section */
		52F668E52F2A1F4A008F24C6 /* Sources */ = {
			isa = PBXSourcesBuildPhase;
			buildActionMask = 2147483647;
			files = (
				520F465A2F2B8F560043ABBA /* SimilarMoviesModel.swift in Sources */,
				520F46562F2B8F340043ABBA /* MovieModel.swift in Sources */,
				520F45C02F2B5F4C0043ABBA /* AppDelegate.swift in Sources */,
				520F46392F2B66E00043ABBA /* BaseCoordinator.swift in Sources */,
				52F61AAF2F2CBCCB00CB1BAC /* SearchView.swift in Sources */,
				52F61AB52F2CBED400CB1BAC /* ViewState.swift in Sources */,
				520F46492F2B8E8D0043ABBA /* GetMovieDetailRequest.swift in Sources */,
				520F464F2F2B8EE60043ABBA /* GetSimilarMoviesRequest.swift in Sources */,
				52F61AA82F2CAF0D00CB1BAC /* HomeDataController.swift in Sources */,
				520F46412F2B72280043ABBA /* NetworkScheduler.swift in Sources */,
				520F462D2F2B65530043ABBA /* LoadingView.swift in Sources */,
				52F61AB12F2CBE9C00CB1BAC /* HomeViewModelProtocol.swift in Sources */,
				52F61ABA2F2CC32500CB1BAC /* HomeView.swift in Sources */,
				520F46422F2B722D0043ABBA /* Environment.swift in Sources */,
				520F46382F2B66DA0043ABBA /* AppCoordinator.swift in Sources */,
				520F464D2F2B8ED30043ABBA /* GetSearchResultsRequest.swift in Sources */,
				520F462B2F2B65320043ABBA /* Extensions.swift in Sources */,
				520F45C12F2B5F4C0043ABBA /* SceneDelegate.swift in Sources */,
				520F46542F2B8F250043ABBA /* MovieDetailModel.swift in Sources */,
				520F46462F2B79640043ABBA /* ServiceLayer.swift in Sources */,
				52F61AB72F2CC29600CB1BAC /* HomeViewController.swift in Sources */,
				520F46442F2B78480043ABBA /* ApiRequest.swift in Sources */,
				52F61AA62F2CAEE300CB1BAC /* HomeDataProtocol.swift in Sources */,
				520F463A2F2B66E50043ABBA /* DefaultAppScreenFactory.swift in Sources */,
				52F61AB32F2CBEAA00CB1BAC /* HomeViewModel.swift in Sources */,
				520F46582F2B8F440043ABBA /* SearchModel.swift in Sources */,
				520F46512F2B8EFF0043ABBA /* GetUpcomingListRequest.swift in Sources */,
				520F464B2F2B8EB00043ABBA /* GetNowPlayingListRequest.swift in Sources */,
				52F61AAD2F2CB10800CB1BAC /* CarouselView.swift in Sources */,
			);
			runOnlyForDeploymentPostprocessing = 0;
		};
		52F668FB2F2A1F4B008F24C6 /* Sources */ = {
			isa = PBXSourcesBuildPhase;
			buildActionMask = 2147483647;
			files = (
			);
			runOnlyForDeploymentPostprocessing = 0;
		};
		52F669052F2A1F4B008F24C6 /* Sources */ = {
			isa = PBXSourcesBuildPhase;
			buildActionMask = 2147483647;
			files = (
			);
			runOnlyForDeploymentPostprocessing = 0;
		};
/* End PBXSourcesBuildPhase section */

/* Begin PBXTargetDependency section */
		52F669012F2A1F4B008F24C6 /* PBXTargetDependency */ = {
			isa = PBXTargetDependency;
			target = 52F668E82F2A1F4A008F24C6 /* MovieProjectConcurrency */;
			targetProxy = 52F669002F2A1F4B008F24C6 /* PBXContainerItemProxy */;
		};
		52F6690B2F2A1F4B008F24C6 /* PBXTargetDependency */ = {
			isa = PBXTargetDependency;
			target = 52F668E82F2A1F4A008F24C6 /* MovieProjectConcurrency */;
			targetProxy = 52F6690A2F2A1F4B008F24C6 /* PBXContainerItemProxy */;
		};
/* End PBXTargetDependency section */

/* Begin XCBuildConfiguration section */
		52F669132F2A1F4B008F24C6 /* Debug */ = {
			isa = XCBuildConfiguration;
			buildSettings = {
				API_KEY = be8aa2dcfa861969c4fd52d356375ed4;
				API_URL = "https://api.themoviedb.org/3/";
				ASSETCATALOG_COMPILER_APPICON_NAME = AppIcon;
				ASSETCATALOG_COMPILER_GLOBAL_ACCENT_COLOR_NAME = AccentColor;
				CODE_SIGN_STYLE = Automatic;
				CURRENT_PROJECT_VERSION = 1;
				DEVELOPMENT_TEAM = QX735LV746;
				ENABLE_USER_SCRIPT_SANDBOXING = NO;
				GENERATE_INFOPLIST_FILE = NO;
				INFOPLIST_FILE = Resources/Info.plist;
				INFOPLIST_KEY_API_KEY = be8aa2dcfa861969c4fd52d356375ed4;
				INFOPLIST_KEY_API_URL = "https://api.themoviedb.org/3/";
				INFOPLIST_KEY_CFBundleDisplayName = "Movie Project Concurrency";
				INFOPLIST_KEY_LSApplicationCategoryType = "public.app-category.entertainment";
				INFOPLIST_KEY_UIApplicationSupportsIndirectInputEvents = YES;
				INFOPLIST_KEY_UILaunchStoryboardName = LaunchScreen;
				INFOPLIST_KEY_UIMainStoryboardFile = Main;
				INFOPLIST_KEY_UISupportedInterfaceOrientations_iPad = "UIInterfaceOrientationPortrait UIInterfaceOrientationPortraitUpsideDown UIInterfaceOrientationLandscapeLeft UIInterfaceOrientationLandscapeRight";
				INFOPLIST_KEY_UISupportedInterfaceOrientations_iPhone = "UIInterfaceOrientationPortrait UIInterfaceOrientationLandscapeLeft UIInterfaceOrientationLandscapeRight";
				IPHONEOS_DEPLOYMENT_TARGET = 17.6;
				LD_RUNPATH_SEARCH_PATHS = (
					"$(inherited)",
					"@executable_path/Frameworks",
				);
				MARKETING_VERSION = 1.0;
				PRODUCT_BUNDLE_IDENTIFIER = com.cagatayegilmez.MovieProjectConcurrency;
				PRODUCT_NAME = "$(TARGET_NAME)";
				STRING_CATALOG_GENERATE_SYMBOLS = YES;
				SUPPORTED_PLATFORMS = "iphoneos iphonesimulator";
				SUPPORTS_MACCATALYST = NO;
				SUPPORTS_MAC_DESIGNED_FOR_IPHONE_IPAD = NO;
				SUPPORTS_XR_DESIGNED_FOR_IPHONE_IPAD = NO;
				SWIFT_APPROACHABLE_CONCURRENCY = YES;
				SWIFT_DEFAULT_ACTOR_ISOLATION = MainActor;
				SWIFT_EMIT_LOC_STRINGS = YES;
				SWIFT_UPCOMING_FEATURE_MEMBER_IMPORT_VISIBILITY = YES;
				SWIFT_VERSION = 5.0;
				TARGETED_DEVICE_FAMILY = "1,2";
			};
			name = Debug;
		};
		52F669142F2A1F4B008F24C6 /* Release */ = {
			isa = XCBuildConfiguration;
			buildSettings = {
				API_KEY = be8aa2dcfa861969c4fd52d356375ed4;
				API_URL = "https://api.themoviedb.org/3/";
				ASSETCATALOG_COMPILER_APPICON_NAME = AppIcon;
				ASSETCATALOG_COMPILER_GLOBAL_ACCENT_COLOR_NAME = AccentColor;
				CODE_SIGN_STYLE = Automatic;
				CURRENT_PROJECT_VERSION = 1;
				DEVELOPMENT_TEAM = QX735LV746;
				ENABLE_USER_SCRIPT_SANDBOXING = NO;
				GENERATE_INFOPLIST_FILE = NO;
				INFOPLIST_FILE = Resources/Info.plist;
				INFOPLIST_KEY_API_KEY = be8aa2dcfa861969c4fd52d356375ed4;
				INFOPLIST_KEY_API_URL = "https://api.themoviedb.org/3/";
				INFOPLIST_KEY_CFBundleDisplayName = "Movie Project Concurrency";
				INFOPLIST_KEY_LSApplicationCategoryType = "public.app-category.entertainment";
				INFOPLIST_KEY_UIApplicationSupportsIndirectInputEvents = YES;
				INFOPLIST_KEY_UILaunchStoryboardName = LaunchScreen;
				INFOPLIST_KEY_UIMainStoryboardFile = Main;
				INFOPLIST_KEY_UISupportedInterfaceOrientations_iPad = "UIInterfaceOrientationPortrait UIInterfaceOrientationPortraitUpsideDown UIInterfaceOrientationLandscapeLeft UIInterfaceOrientationLandscapeRight";
				INFOPLIST_KEY_UISupportedInterfaceOrientations_iPhone = "UIInterfaceOrientationPortrait UIInterfaceOrientationLandscapeLeft UIInterfaceOrientationLandscapeRight";
				IPHONEOS_DEPLOYMENT_TARGET = 17.6;
				LD_RUNPATH_SEARCH_PATHS = (
					"$(inherited)",
					"@executable_path/Frameworks",
				);
				MARKETING_VERSION = 1.0;
				PRODUCT_BUNDLE_IDENTIFIER = com.cagatayegilmez.MovieProjectConcurrency;
				PRODUCT_NAME = "$(TARGET_NAME)";
				STRING_CATALOG_GENERATE_SYMBOLS = YES;
				SUPPORTED_PLATFORMS = "iphoneos iphonesimulator";
				SUPPORTS_MACCATALYST = NO;
				SUPPORTS_MAC_DESIGNED_FOR_IPHONE_IPAD = NO;
				SUPPORTS_XR_DESIGNED_FOR_IPHONE_IPAD = NO;
				SWIFT_APPROACHABLE_CONCURRENCY = YES;
				SWIFT_DEFAULT_ACTOR_ISOLATION = MainActor;
				SWIFT_EMIT_LOC_STRINGS = YES;
				SWIFT_UPCOMING_FEATURE_MEMBER_IMPORT_VISIBILITY = YES;
				SWIFT_VERSION = 5.0;
				TARGETED_DEVICE_FAMILY = "1,2";
			};
			name = Release;
		};
		52F669152F2A1F4B008F24C6 /* Debug */ = {
			isa = XCBuildConfiguration;
			buildSettings = {
				ALWAYS_SEARCH_USER_PATHS = NO;
				ASSETCATALOG_COMPILER_GENERATE_SWIFT_ASSET_SYMBOL_EXTENSIONS = YES;
				CLANG_ANALYZER_NONNULL = YES;
				CLANG_ANALYZER_NUMBER_OBJECT_CONVERSION = YES_AGGRESSIVE;
				CLANG_CXX_LANGUAGE_STANDARD = "gnu++20";
				CLANG_ENABLE_MODULES = YES;
				CLANG_ENABLE_OBJC_ARC = YES;
				CLANG_ENABLE_OBJC_WEAK = YES;
				CLANG_WARN_BLOCK_CAPTURE_AUTORELEASING = YES;
				CLANG_WARN_BOOL_CONVERSION = YES;
				CLANG_WARN_COMMA = YES;
				CLANG_WARN_CONSTANT_CONVERSION = YES;
				CLANG_WARN_DEPRECATED_OBJC_IMPLEMENTATIONS = YES;
				CLANG_WARN_DIRECT_OBJC_ISA_USAGE = YES_ERROR;
				CLANG_WARN_DOCUMENTATION_COMMENTS = YES;
				CLANG_WARN_EMPTY_BODY = YES;
				CLANG_WARN_ENUM_CONVERSION = YES;
				CLANG_WARN_INFINITE_RECURSION = YES;
				CLANG_WARN_INT_CONVERSION = YES;
				CLANG_WARN_NON_LITERAL_NULL_CONVERSION = YES;
				CLANG_WARN_OBJC_IMPLICIT_RETAIN_SELF = YES;
				CLANG_WARN_OBJC_LITERAL_CONVERSION = YES;
				CLANG_WARN_OBJC_ROOT_CLASS = YES_ERROR;
				CLANG_WARN_QUOTED_INCLUDE_IN_FRAMEWORK_HEADER = YES;
				CLANG_WARN_RANGE_LOOP_ANALYSIS = YES;
				CLANG_WARN_STRICT_PROTOTYPES = YES;
				CLANG_WARN_SUSPICIOUS_MOVE = YES;
				CLANG_WARN_UNGUARDED_AVAILABILITY = YES_AGGRESSIVE;
				CLANG_WARN_UNREACHABLE_CODE = YES;
				CLANG_WARN__DUPLICATE_METHOD_MATCH = YES;
				COPY_PHASE_STRIP = NO;
				DEBUG_INFORMATION_FORMAT = dwarf;
				DEVELOPMENT_TEAM = QX735LV746;
				ENABLE_STRICT_OBJC_MSGSEND = YES;
				ENABLE_TESTABILITY = YES;
				ENABLE_USER_SCRIPT_SANDBOXING = YES;
				GCC_C_LANGUAGE_STANDARD = gnu17;
				GCC_DYNAMIC_NO_PIC = NO;
				GCC_NO_COMMON_BLOCKS = YES;
				GCC_OPTIMIZATION_LEVEL = 0;
				GCC_PREPROCESSOR_DEFINITIONS = (
					"DEBUG=1",
					"$(inherited)",
				);
				GCC_WARN_64_TO_32_BIT_CONVERSION = YES;
				GCC_WARN_ABOUT_RETURN_TYPE = YES_ERROR;
				GCC_WARN_UNDECLARED_SELECTOR = YES;
				GCC_WARN_UNINITIALIZED_AUTOS = YES_AGGRESSIVE;
				GCC_WARN_UNUSED_FUNCTION = YES;
				GCC_WARN_UNUSED_VARIABLE = YES;
				IPHONEOS_DEPLOYMENT_TARGET = 26.2;
				LOCALIZATION_PREFERS_STRING_CATALOGS = YES;
				MTL_ENABLE_DEBUG_INFO = INCLUDE_SOURCE;
				MTL_FAST_MATH = YES;
				ONLY_ACTIVE_ARCH = YES;
				SDKROOT = iphoneos;
				SWIFT_ACTIVE_COMPILATION_CONDITIONS = "DEBUG $(inherited)";
				SWIFT_OPTIMIZATION_LEVEL = "-Onone";
			};
			name = Debug;
		};
		52F669162F2A1F4B008F24C6 /* Release */ = {
			isa = XCBuildConfiguration;
			buildSettings = {
				ALWAYS_SEARCH_USER_PATHS = NO;
				ASSETCATALOG_COMPILER_GENERATE_SWIFT_ASSET_SYMBOL_EXTENSIONS = YES;
				CLANG_ANALYZER_NONNULL = YES;
				CLANG_ANALYZER_NUMBER_OBJECT_CONVERSION = YES_AGGRESSIVE;
				CLANG_CXX_LANGUAGE_STANDARD = "gnu++20";
				CLANG_ENABLE_MODULES = YES;
				CLANG_ENABLE_OBJC_ARC = YES;
				CLANG_ENABLE_OBJC_WEAK = YES;
				CLANG_WARN_BLOCK_CAPTURE_AUTORELEASING = YES;
				CLANG_WARN_BOOL_CONVERSION = YES;
				CLANG_WARN_COMMA = YES;
				CLANG_WARN_CONSTANT_CONVERSION = YES;
				CLANG_WARN_DEPRECATED_OBJC_IMPLEMENTATIONS = YES;
				CLANG_WARN_DIRECT_OBJC_ISA_USAGE = YES_ERROR;
				CLANG_WARN_DOCUMENTATION_COMMENTS = YES;
				CLANG_WARN_EMPTY_BODY = YES;
				CLANG_WARN_ENUM_CONVERSION = YES;
				CLANG_WARN_INFINITE_RECURSION = YES;
				CLANG_WARN_INT_CONVERSION = YES;
				CLANG_WARN_NON_LITERAL_NULL_CONVERSION = YES;
				CLANG_WARN_OBJC_IMPLICIT_RETAIN_SELF = YES;
				CLANG_WARN_OBJC_LITERAL_CONVERSION = YES;
				CLANG_WARN_OBJC_ROOT_CLASS = YES_ERROR;
				CLANG_WARN_QUOTED_INCLUDE_IN_FRAMEWORK_HEADER = YES;
				CLANG_WARN_RANGE_LOOP_ANALYSIS = YES;
				CLANG_WARN_STRICT_PROTOTYPES = YES;
				CLANG_WARN_SUSPICIOUS_MOVE = YES;
				CLANG_WARN_UNGUARDED_AVAILABILITY = YES_AGGRESSIVE;
				CLANG_WARN_UNREACHABLE_CODE = YES;
				CLANG_WARN__DUPLICATE_METHOD_MATCH = YES;
				COPY_PHASE_STRIP = NO;
				DEBUG_INFORMATION_FORMAT = "dwarf-with-dsym";
				DEVELOPMENT_TEAM = QX735LV746;
				ENABLE_NS_ASSERTIONS = NO;
				ENABLE_STRICT_OBJC_MSGSEND = YES;
				ENABLE_USER_SCRIPT_SANDBOXING = YES;
				GCC_C_LANGUAGE_STANDARD = gnu17;
				GCC_NO_COMMON_BLOCKS = YES;
				GCC_WARN_64_TO_32_BIT_CONVERSION = YES;
				GCC_WARN_ABOUT_RETURN_TYPE = YES_ERROR;
				GCC_WARN_UNDECLARED_SELECTOR = YES;
				GCC_WARN_UNINITIALIZED_AUTOS = YES_AGGRESSIVE;
				GCC_WARN_UNUSED_FUNCTION = YES;
				GCC_WARN_UNUSED_VARIABLE = YES;
				IPHONEOS_DEPLOYMENT_TARGET = 26.2;
				LOCALIZATION_PREFERS_STRING_CATALOGS = YES;
				MTL_ENABLE_DEBUG_INFO = NO;
				MTL_FAST_MATH = YES;
				SDKROOT = iphoneos;
				SWIFT_COMPILATION_MODE = wholemodule;
				VALIDATE_PRODUCT = YES;
			};
			name = Release;
		};
		52F669182F2A1F4B008F24C6 /* Debug */ = {
			isa = XCBuildConfiguration;
			buildSettings = {
				BUNDLE_LOADER = "$(TEST_HOST)";
				CODE_SIGN_STYLE = Automatic;
				CURRENT_PROJECT_VERSION = 1;
				DEVELOPMENT_TEAM = QX735LV746;
				GENERATE_INFOPLIST_FILE = YES;
				IPHONEOS_DEPLOYMENT_TARGET = 26.2;
				MARKETING_VERSION = 1.0;
				PRODUCT_BUNDLE_IDENTIFIER = com.cagatayegilmez.MovieProjectConcurrencyTests;
				PRODUCT_NAME = "$(TARGET_NAME)";
				STRING_CATALOG_GENERATE_SYMBOLS = NO;
				SWIFT_APPROACHABLE_CONCURRENCY = YES;
				SWIFT_EMIT_LOC_STRINGS = NO;
				SWIFT_UPCOMING_FEATURE_MEMBER_IMPORT_VISIBILITY = YES;
				SWIFT_VERSION = 5.0;
				TARGETED_DEVICE_FAMILY = "1,2";
				TEST_HOST = "$(BUILT_PRODUCTS_DIR)/MovieProjectConcurrency.app/$(BUNDLE_EXECUTABLE_FOLDER_PATH)/MovieProjectConcurrency";
			};
			name = Debug;
		};
		52F669192F2A1F4B008F24C6 /* Release */ = {
			isa = XCBuildConfiguration;
			buildSettings = {
				BUNDLE_LOADER = "$(TEST_HOST)";
				CODE_SIGN_STYLE = Automatic;
				CURRENT_PROJECT_VERSION = 1;
				DEVELOPMENT_TEAM = QX735LV746;
				GENERATE_INFOPLIST_FILE = YES;
				IPHONEOS_DEPLOYMENT_TARGET = 26.2;
				MARKETING_VERSION = 1.0;
				PRODUCT_BUNDLE_IDENTIFIER = com.cagatayegilmez.MovieProjectConcurrencyTests;
				PRODUCT_NAME = "$(TARGET_NAME)";
				STRING_CATALOG_GENERATE_SYMBOLS = NO;
				SWIFT_APPROACHABLE_CONCURRENCY = YES;
				SWIFT_EMIT_LOC_STRINGS = NO;
				SWIFT_UPCOMING_FEATURE_MEMBER_IMPORT_VISIBILITY = YES;
				SWIFT_VERSION = 5.0;
				TARGETED_DEVICE_FAMILY = "1,2";
				TEST_HOST = "$(BUILT_PRODUCTS_DIR)/MovieProjectConcurrency.app/$(BUNDLE_EXECUTABLE_FOLDER_PATH)/MovieProjectConcurrency";
			};
			name = Release;
		};
		52F6691B2F2A1F4B008F24C6 /* Debug */ = {
			isa = XCBuildConfiguration;
			buildSettings = {
				CODE_SIGN_STYLE = Automatic;
				CURRENT_PROJECT_VERSION = 1;
				DEVELOPMENT_TEAM = QX735LV746;
				GENERATE_INFOPLIST_FILE = YES;
				MARKETING_VERSION = 1.0;
				PRODUCT_BUNDLE_IDENTIFIER = com.cagatayegilmez.MovieProjectConcurrencyUITests;
				PRODUCT_NAME = "$(TARGET_NAME)";
				STRING_CATALOG_GENERATE_SYMBOLS = NO;
				SWIFT_APPROACHABLE_CONCURRENCY = YES;
				SWIFT_EMIT_LOC_STRINGS = NO;
				SWIFT_UPCOMING_FEATURE_MEMBER_IMPORT_VISIBILITY = YES;
				SWIFT_VERSION = 5.0;
				TARGETED_DEVICE_FAMILY = "1,2";
				TEST_TARGET_NAME = MovieProjectConcurrency;
			};
			name = Debug;
		};
		52F6691C2F2A1F4B008F24C6 /* Release */ = {
			isa = XCBuildConfiguration;
			buildSettings = {
				CODE_SIGN_STYLE = Automatic;
				CURRENT_PROJECT_VERSION = 1;
				DEVELOPMENT_TEAM = QX735LV746;
				GENERATE_INFOPLIST_FILE = YES;
				MARKETING_VERSION = 1.0;
				PRODUCT_BUNDLE_IDENTIFIER = com.cagatayegilmez.MovieProjectConcurrencyUITests;
				PRODUCT_NAME = "$(TARGET_NAME)";
				STRING_CATALOG_GENERATE_SYMBOLS = NO;
				SWIFT_APPROACHABLE_CONCURRENCY = YES;
				SWIFT_EMIT_LOC_STRINGS = NO;
				SWIFT_UPCOMING_FEATURE_MEMBER_IMPORT_VISIBILITY = YES;
				SWIFT_VERSION = 5.0;
				TARGETED_DEVICE_FAMILY = "1,2";
				TEST_TARGET_NAME = MovieProjectConcurrency;
			};
			name = Release;
		};
/* End XCBuildConfiguration section */

/* Begin XCConfigurationList section */
		52F668E42F2A1F4A008F24C6 /* Build configuration list for PBXProject "MovieProjectConcurrency" */ = {
			isa = XCConfigurationList;
			buildConfigurations = (
				52F669152F2A1F4B008F24C6 /* Debug */,
				52F669162F2A1F4B008F24C6 /* Release */,
			);
			defaultConfigurationIsVisible = 0;
			defaultConfigurationName = Release;
		};
		52F669122F2A1F4B008F24C6 /* Build configuration list for PBXNativeTarget "MovieProjectConcurrency" */ = {
			isa = XCConfigurationList;
			buildConfigurations = (
				52F669132F2A1F4B008F24C6 /* Debug */,
				52F669142F2A1F4B008F24C6 /* Release */,
			);
			defaultConfigurationIsVisible = 0;
			defaultConfigurationName = Release;
		};
		52F669172F2A1F4B008F24C6 /* Build configuration list for PBXNativeTarget "MovieProjectConcurrencyTests" */ = {
			isa = XCConfigurationList;
			buildConfigurations = (
				52F669182F2A1F4B008F24C6 /* Debug */,
				52F669192F2A1F4B008F24C6 /* Release */,
			);
			defaultConfigurationIsVisible = 0;
			defaultConfigurationName = Release;
		};
		52F6691A2F2A1F4B008F24C6 /* Build configuration list for PBXNativeTarget "MovieProjectConcurrencyUITests" */ = {
			isa = XCConfigurationList;
			buildConfigurations = (
				52F6691B2F2A1F4B008F24C6 /* Debug */,
				52F6691C2F2A1F4B008F24C6 /* Release */,
			);
			defaultConfigurationIsVisible = 0;
			defaultConfigurationName = Release;
		};
/* End XCConfigurationList section */

/* Begin XCRemoteSwiftPackageReference section */
		520F46312F2B65D80043ABBA /* XCRemoteSwiftPackageReference "lottie-spm" */ = {
			isa = XCRemoteSwiftPackageReference;
			repositoryURL = "https://github.com/airbnb/lottie-spm.git";
			requirement = {
				kind = exactVersion;
				version = 4.6.0;
			};
		};
/* End XCRemoteSwiftPackageReference section */

/* Begin XCSwiftPackageProductDependency section */
		520F46322F2B65D80043ABBA /* Lottie */ = {
			isa = XCSwiftPackageProductDependency;
			package = 520F46312F2B65D80043ABBA /* XCRemoteSwiftPackageReference "lottie-spm" */;
			productName = Lottie;
		};
/* End XCSwiftPackageProductDependency section */
	};
	rootObject = 52F668E12F2A1F4A008F24C6 /* Project object */;
}
